<?xml version="1.0" encoding="utf-8"?>
<Project ToolsVersion="4.0" xmlns="http://schemas.microsoft.com/developer/msbuild/2003">
  <ItemGroup>
    <Filter Include="Arquivos de Origem">
      <UniqueIdentifier>{4FC737F1-C7A5-4376-A066-2A32D752A2FF}</UniqueIdentifier>
      <Extensions>cpp;c;cc;cxx;c++;cppm;ixx;def;odl;idl;hpj;bat;asm;asmx</Extensions>
    </Filter>
    <Filter Include="Arquivos de Cabeçalho">
      <UniqueIdentifier>{93995380-89BD-4b04-88EB-625FBE52EBFB}</UniqueIdentifier>
      <Extensions>h;hh;hpp;hxx;h++;hm;inl;inc;ipp;xsd</Extensions>
    </Filter>
    <Filter Include="Arquivos de Recurso">
      <UniqueIdentifier>{67DA6AB6-F800-4c08-8B7A-83BB121AAD01}</UniqueIdentifier>
      <Extensions>rc;ico;cur;bmp;dlg;rc2;rct;bin;rgs;gif;jpg;jpeg;jpe;resx;tiff;tif;png;wav;mfcribbon-ms</Extensions>
    </Filter>
    <Filter Include="Arquivos de Origem\Managers">
      <UniqueIdentifier>{ca744d1f-3534-4a20-8858-340a293b204a}</UniqueIdentifier>
    </Filter>
    <Filter Include="Arquivos de Cabeçalho\Managers">
      <UniqueIdentifier>{6c42ea5d-9141-49dd-a2cc-b8667c795a94}</UniqueIdentifier>
    </Filter>
    <Filter Include="Arquivos de Cabeçalho\Math">
      <UniqueIdentifier>{7c3ed8bb-ee82-4d9c-90b3-b499ac279292}</UniqueIdentifier>
    </Filter>
    <Filter Include="Arquivos de Cabeçalho\GraphicalElements">
      <UniqueIdentifier>{e931071a-8ab5-48ed-a3e8-78ba2b435ae2}</UniqueIdentifier>
    </Filter>
    <Filter Include="Arquivos de Origem\GraphicalElements">
      <UniqueIdentifier>{893a4e93-07fc-4d5c-8cfc-54419a9e96b9}</UniqueIdentifier>
    </Filter>
    <Filter Include="Arquivos de Cabeçalho\States">
      <UniqueIdentifier>{4fcb673d-7644-45a6-a259-9404ed17e990}</UniqueIdentifier>
    </Filter>
    <Filter Include="Arquivos de Origem\States">
      <UniqueIdentifier>{a2e4ecf6-0f1f-4449-ae9c-1479eee70e33}</UniqueIdentifier>
    </Filter>
    <Filter Include="Arquivos de Cabeçalho\Entities">
      <UniqueIdentifier>{07c59cad-aabe-4b7a-b09a-d3dbb02bdd83}</UniqueIdentifier>
    </Filter>
    <Filter Include="Arquivos de Origem\Entities">
      <UniqueIdentifier>{f87ba157-bd25-4b81-860e-59f79f0a3aa5}</UniqueIdentifier>
    </Filter>
    <Filter Include="Arquivos de Cabeçalho\Entities\Characters">
      <UniqueIdentifier>{649738c5-9966-453a-866d-d02b96e20db1}</UniqueIdentifier>
    </Filter>
    <Filter Include="Arquivos de Cabeçalho\Entities\Characters\Enemies">
      <UniqueIdentifier>{390fbacf-66be-44e2-b7a5-a9d6dda9c83a}</UniqueIdentifier>
    </Filter>
    <Filter Include="Arquivos de Origem\Entities\Characters">
      <UniqueIdentifier>{0c20dc79-b1bf-4e21-9ccc-5e96c9d68902}</UniqueIdentifier>
    </Filter>
    <Filter Include="Arquivos de Cabeçalho\Control">
      <UniqueIdentifier>{8ed0bef4-b997-439b-9844-452e0654fdd4}</UniqueIdentifier>
    </Filter>
    <Filter Include="Arquivos de Origem\Control">
      <UniqueIdentifier>{e0a7e80f-da83-407b-9d22-a2e963366e10}</UniqueIdentifier>
    </Filter>
    <Filter Include="Arquivos de Cabeçalho\Entities\Obstacles">
      <UniqueIdentifier>{83b40cb0-eddb-403d-b604-29f75e1bdcba}</UniqueIdentifier>
    </Filter>
    <Filter Include="Arquivos de Origem\Entities\Obstacles">
      <UniqueIdentifier>{d3e374fd-6e4e-4663-8afd-43d178e6e85b}</UniqueIdentifier>
    </Filter>
    <Filter Include="Arquivos de Origem\Entities\Characters\Enemies">
      <UniqueIdentifier>{9fde7281-3f0a-4567-95fd-14f72b09494d}</UniqueIdentifier>
    </Filter>
    <Filter Include="Arquivos de Cabeçalho\List">
      <UniqueIdentifier>{fadc9a06-4687-44f7-848f-ce30da13e2b5}</UniqueIdentifier>
    </Filter>
    <Filter Include="Arquivos de Origem\List">
      <UniqueIdentifier>{a84f306d-a9fc-4080-9869-7629c0800f94}</UniqueIdentifier>
    </Filter>
    <Filter Include="Arquivos de Cabeçalho\Entities\Projectiles">
      <UniqueIdentifier>{06a937c7-565b-4c09-9954-fa6acdfd997f}</UniqueIdentifier>
    </Filter>
    <Filter Include="Arquivos de Origem\Entities\Projectiles">
      <UniqueIdentifier>{e9dc254c-6047-468b-9c59-5bc5979baa27}</UniqueIdentifier>
    </Filter>
    <Filter Include="Arquivos de Cabeçalho\Menus">
      <UniqueIdentifier>{31869c71-d490-43ab-9645-115ec3bcde8b}</UniqueIdentifier>
    </Filter>
    <Filter Include="Arquivos de Origem\Menus">
      <UniqueIdentifier>{f85a48f8-2660-4a31-a554-d9c27a290f4e}</UniqueIdentifier>
    </Filter>
  </ItemGroup>
  <ItemGroup>
    <ClCompile Include="Heroes.cpp">
      <Filter>Arquivos de Origem</Filter>
    </ClCompile>
    <ClCompile Include="GraphicManager.cpp">
      <Filter>Arquivos de Origem\Managers</Filter>
    </ClCompile>
    <ClCompile Include="Animation.cpp">
      <Filter>Arquivos de Origem\GraphicalElements</Filter>
    </ClCompile>
    <ClCompile Include="SingleAnimation.cpp">
      <Filter>Arquivos de Origem\GraphicalElements</Filter>
    </ClCompile>
    <ClCompile Include="SingleFrameAnimation.cpp">
      <Filter>Arquivos de Origem\GraphicalElements</Filter>
    </ClCompile>
    <ClCompile Include="MultiFrameAnimation.cpp">
      <Filter>Arquivos de Origem\GraphicalElements</Filter>
    </ClCompile>
    <ClCompile Include="Game.cpp">
      <Filter>Arquivos de Origem\States</Filter>
    </ClCompile>
    <ClCompile Include="Ent.cpp">
      <Filter>Arquivos de Origem</Filter>
    </ClCompile>
    <ClCompile Include="Entity.cpp">
      <Filter>Arquivos de Origem\Entities</Filter>
    </ClCompile>
    <ClCompile Include="MovingEntity.cpp">
      <Filter>Arquivos de Origem\Entities</Filter>
    </ClCompile>
    <ClCompile Include="Character.cpp">
      <Filter>Arquivos de Origem\Entities\Characters</Filter>
    </ClCompile>
    <ClCompile Include="Player.cpp">
      <Filter>Arquivos de Origem\Entities\Characters</Filter>
    </ClCompile>
    <ClCompile Include="InputManager.cpp">
      <Filter>Arquivos de Origem\Managers</Filter>
    </ClCompile>
    <ClCompile Include="Observer.cpp">
      <Filter>Arquivos de Origem\Control</Filter>
    </ClCompile>
    <ClCompile Include="PlayerControl.cpp">
      <Filter>Arquivos de Origem\Control</Filter>
    </ClCompile>
    <ClCompile Include="EventManager.cpp">
      <Filter>Arquivos de Origem\Managers</Filter>
    </ClCompile>
    <ClCompile Include="StaticEntity.cpp">
      <Filter>Arquivos de Origem\Entities</Filter>
    </ClCompile>
    <ClCompile Include="Enemy.cpp">
      <Filter>Arquivos de Origem\Entities\Characters\Enemies</Filter>
    </ClCompile>
    <ClCompile Include="Skeleton.cpp">
      <Filter>Arquivos de Origem\Entities\Characters\Enemies</Filter>
    </ClCompile>
    <ClCompile Include="Goblin.cpp">
      <Filter>Arquivos de Origem\Entities\Characters\Enemies</Filter>
    </ClCompile>
    <ClCompile Include="EntityList.cpp">
      <Filter>Arquivos de Origem\List</Filter>
    </ClCompile>
    <ClCompile Include="CollisionManager.cpp">
      <Filter>Arquivos de Origem\Managers</Filter>
    </ClCompile>
    <ClCompile Include="Platform.cpp">
      <Filter>Arquivos de Origem\Entities\Obstacles</Filter>
    </ClCompile>
    <ClCompile Include="Projectile.cpp">
      <Filter>Arquivos de Origem\Entities\Projectiles</Filter>
    </ClCompile>
    <ClCompile Include="Bomb.cpp">
      <Filter>Arquivos de Origem\Entities\Projectiles</Filter>
    </ClCompile>
    <ClCompile Include="State.cpp">
      <Filter>Arquivos de Origem\States</Filter>
    </ClCompile>
    <ClCompile Include="StateMachine.cpp">
      <Filter>Arquivos de Origem\States</Filter>
    </ClCompile>
    <ClCompile Include="MenuControl.cpp">
      <Filter>Arquivos de Origem\Control</Filter>
    </ClCompile>
    <ClCompile Include="Text.cpp">
      <Filter>Arquivos de Origem\GraphicalElements</Filter>
    </ClCompile>
    <ClCompile Include="Button.cpp">
      <Filter>Arquivos de Origem\GraphicalElements</Filter>
    </ClCompile>
    <ClCompile Include="Menu.cpp">
      <Filter>Arquivos de Origem\Menus</Filter>
    </ClCompile>
    <ClCompile Include="MainMenu.cpp">
      <Filter>Arquivos de Origem\Menus</Filter>
    </ClCompile>
    <ClCompile Include="Level.cpp">
      <Filter>Arquivos de Origem\States</Filter>
    </ClCompile>
    <ClCompile Include="Mushroom.cpp">
      <Filter>Arquivos de Origem\Entities\Characters\Enemies</Filter>
    </ClCompile>
    <ClCompile Include="FlyingEye.cpp">
      <Filter>Arquivos de Origem\Entities\Characters\Enemies</Filter>
    </ClCompile>
    <ClCompile Include="PauseMenu.cpp">
      <Filter>Arquivos de Origem\Menus</Filter>
    </ClCompile>
    <ClCompile Include="Fire.cpp">
      <Filter>Arquivos de Origem\Entities\Obstacles</Filter>
    </ClCompile>
    <ClCompile Include="Box.cpp">
      <Filter>Arquivos de Origem\Entities\Obstacles</Filter>
    </ClCompile>
  </ItemGroup>
  <ItemGroup>
    <ClInclude Include="GraphicManager.hpp">
      <Filter>Arquivos de Cabeçalho\Managers</Filter>
    </ClInclude>
    <ClInclude Include="Coordinate.hpp">
      <Filter>Arquivos de Cabeçalho\Math</Filter>
    </ClInclude>
    <ClInclude Include="Animation.hpp">
      <Filter>Arquivos de Cabeçalho\GraphicalElements</Filter>
    </ClInclude>
    <ClInclude Include="SingleAnimation.hpp">
      <Filter>Arquivos de Cabeçalho\GraphicalElements</Filter>
    </ClInclude>
    <ClInclude Include="SingleFrameAnimation.hpp">
      <Filter>Arquivos de Cabeçalho\GraphicalElements</Filter>
    </ClInclude>
    <ClInclude Include="MultiFrameAnimation.hpp">
      <Filter>Arquivos de Cabeçalho\GraphicalElements</Filter>
    </ClInclude>
    <ClInclude Include="constants.h">
      <Filter>Arquivos de Cabeçalho</Filter>
    </ClInclude>
    <ClInclude Include="paths.h">
      <Filter>Arquivos de Cabeçalho</Filter>
    </ClInclude>
    <ClInclude Include="Game.hpp">
      <Filter>Arquivos de Cabeçalho\States</Filter>
    </ClInclude>
    <ClInclude Include="Entity.hpp">
      <Filter>Arquivos de Cabeçalho\Entities</Filter>
    </ClInclude>
    <ClInclude Include="Ent.hpp">
      <Filter>Arquivos de Cabeçalho</Filter>
    </ClInclude>
    <ClInclude Include="MovingEntity.hpp">
      <Filter>Arquivos de Cabeçalho\Entities</Filter>
    </ClInclude>
    <ClInclude Include="Character.hpp">
      <Filter>Arquivos de Cabeçalho\Entities\Characters</Filter>
    </ClInclude>
    <ClInclude Include="Player.hpp">
      <Filter>Arquivos de Cabeçalho\Entities\Characters</Filter>
    </ClInclude>
    <ClInclude Include="InputManager.hpp">
      <Filter>Arquivos de Cabeçalho\Managers</Filter>
    </ClInclude>
    <ClInclude Include="Observer.hpp">
      <Filter>Arquivos de Cabeçalho\Control</Filter>
    </ClInclude>
    <ClInclude Include="PlayerControl.hpp">
      <Filter>Arquivos de Cabeçalho\Control</Filter>
    </ClInclude>
    <ClInclude Include="EventManager.hpp">
      <Filter>Arquivos de Cabeçalho\Managers</Filter>
    </ClInclude>
    <ClInclude Include="Skeleton.hpp">
      <Filter>Arquivos de Cabeçalho\Entities\Characters\Enemies</Filter>
    </ClInclude>
    <ClInclude Include="Enemy.hpp">
      <Filter>Arquivos de Cabeçalho\Entities\Characters\Enemies</Filter>
    </ClInclude>
    <ClInclude Include="Goblin.hpp">
      <Filter>Arquivos de Cabeçalho\Entities\Characters\Enemies</Filter>
    </ClInclude>
    <ClInclude Include="List.hpp">
      <Filter>Arquivos de Cabeçalho\List</Filter>
    </ClInclude>
    <ClInclude Include="EntityList.hpp">
      <Filter>Arquivos de Cabeçalho\List</Filter>
    </ClInclude>
    <ClInclude Include="CollisionManager.hpp">
      <Filter>Arquivos de Cabeçalho\Managers</Filter>
    </ClInclude>
    <ClInclude Include="StaticEntity.hpp">
      <Filter>Arquivos de Cabeçalho\Entities</Filter>
    </ClInclude>
    <ClInclude Include="Platform.hpp">
      <Filter>Arquivos de Cabeçalho\Entities\Obstacles</Filter>
    </ClInclude>
    <ClInclude Include="Projectile.hpp">
      <Filter>Arquivos de Cabeçalho\Entities\Projectiles</Filter>
    </ClInclude>
    <ClInclude Include="Bomb.hpp">
      <Filter>Arquivos de Cabeçalho\Entities\Projectiles</Filter>
    </ClInclude>
    <ClInclude Include="State.hpp">
      <Filter>Arquivos de Cabeçalho\States</Filter>
    </ClInclude>
    <ClInclude Include="StateMachine.hpp">
      <Filter>Arquivos de Cabeçalho\States</Filter>
    </ClInclude>
    <ClInclude Include="Menu.hpp">
      <Filter>Arquivos de Cabeçalho\Menus</Filter>
    </ClInclude>
    <ClInclude Include="MenuControl.hpp">
      <Filter>Arquivos de Cabeçalho\Control</Filter>
    </ClInclude>
    <ClInclude Include="Button.hpp">
      <Filter>Arquivos de Cabeçalho\GraphicalElements</Filter>
    </ClInclude>
    <ClInclude Include="Text.hpp">
      <Filter>Arquivos de Cabeçalho\GraphicalElements</Filter>
    </ClInclude>
    <ClInclude Include="MainMenu.hpp">
      <Filter>Arquivos de Cabeçalho\Menus</Filter>
    </ClInclude>
    <ClInclude Include="Level.hpp">
      <Filter>Arquivos de Cabeçalho\States</Filter>
    </ClInclude>
    <ClInclude Include="Mushroom.hpp">
      <Filter>Arquivos de Cabeçalho\Entities\Characters\Enemies</Filter>
    </ClInclude>
    <ClInclude Include="FlyingEye.hpp">
      <Filter>Arquivos de Cabeçalho\Entities\Characters\Enemies</Filter>
    </ClInclude>
    <ClInclude Include="PauseMenu.hpp">
      <Filter>Arquivos de Cabeçalho\Menus</Filter>
    </ClInclude>
    <ClInclude Include="Fire.hpp">
      <Filter>Arquivos de Cabeçalho\Entities\Obstacles</Filter>
    </ClInclude>
    <ClInclude Include="Box.hpp">
      <Filter>Arquivos de Cabeçalho\Entities\Obstacles</Filter>
    </ClInclude>
    <ClInclude Include="Hud.hpp">
      <Filter>Arquivos de Cabeçalho\GraphicalElements</Filter>
    </ClInclude>
    <ClInclude Include="Heart.hpp">
      <Filter>Arquivos de Cabeçalho\GraphicalElements</Filter>
    </ClInclude>
    <ClInclude Include="std.h">
      <Filter>Arquivos de Cabeçalho</Filter>
    </ClInclude>
  </ItemGroup>
</Project>