<?xml version="1.0" encoding="utf-8"?>
<Project ToolsVersion="4.0" xmlns="http://schemas.microsoft.com/developer/msbuild/2003">
  <ItemGroup>
    <Filter Include="Arquivos de Origem">
      <UniqueIdentifier>{4FC737F1-C7A5-4376-A066-2A32D752A2FF}</UniqueIdentifier>
      <Extensions>cpp;c;cc;cxx;c++;cppm;ixx;def;odl;idl;hpj;bat;asm;asmx</Extensions>
    </Filter>
    <Filter Include="Arquivos de Cabeçalho">
      <UniqueIdentifier>{93995380-89BD-4b04-88EB-625FBE52EBFB}</UniqueIdentifier>
      <Extensions>h;hh;hpp;hxx;h++;hm;inl;inc;ipp;xsd</Extensions>
    </Filter>
    <Filter Include="Arquivos de Recurso">
      <UniqueIdentifier>{67DA6AB6-F800-4c08-8B7A-83BB121AAD01}</UniqueIdentifier>
      <Extensions>rc;ico;cur;bmp;dlg;rc2;rct;bin;rgs;gif;jpg;jpeg;jpe;resx;tiff;tif;png;wav;mfcribbon-ms</Extensions>
    </Filter>
    <Filter Include="Arquivos de Origem\Managers">
      <UniqueIdentifier>{ca744d1f-3534-4a20-8858-340a293b204a}</UniqueIdentifier>
    </Filter>
    <Filter Include="Arquivos de Cabeçalho\Managers">
      <UniqueIdentifier>{6c42ea5d-9141-49dd-a2cc-b8667c795a94}</UniqueIdentifier>
    </Filter>
    <Filter Include="Arquivos de Cabeçalho\Math">
      <UniqueIdentifier>{7c3ed8bb-ee82-4d9c-90b3-b499ac279292}</UniqueIdentifier>
    </Filter>
  </ItemGroup>
  <ItemGroup>
    <ClCompile Include="Heroes.cpp">
      <Filter>Arquivos de Origem</Filter>
    </ClCompile>
    <ClCompile Include="GraphicManager.cpp">
      <Filter>Arquivos de Origem\Managers</Filter>
    </ClCompile>
  </ItemGroup>
  <ItemGroup>
    <ClInclude Include="GraphicManager.hpp">
      <Filter>Arquivos de Cabeçalho\Managers</Filter>
    </ClInclude>
    <ClInclude Include="Coordinate.hpp">
      <Filter>Arquivos de Cabeçalho\Math</Filter>
    </ClInclude>
  </ItemGroup>
</Project>